
Microsoft Visual Studio Solution File, Format Version 12.00
# Visual Studio Version 17
VisualStudioVersion = 17.3.32811.315
MinimumVisualStudioVersion = 10.0.40219.1
Project("{2150E333-8FDC-42A3-9474-1A3956D46DE8}") = "src", "src", "{E56804E1-042E-4219-96E2-1B4CFB3EA541}"
EndProject
Project("{2150E333-8FDC-42A3-9474-1A3956D46DE8}") = "test", "test", "{6EFF3328-8A26-4D1D-BB5E-CB44095D5054}"
EndProject
Project("{9A19103F-16F7-4668-BE54-9A1E7A4F7556}") = "fh-family-experience-web", "src\fh-family-experience-web\fh-family-experience-web.csproj", "{8CC21E25-B8E2-4C5E-85CF-3D9D58C43C1A}"
EndProject
Project("{2150E333-8FDC-42A3-9474-1A3956D46DE8}") = "repo", "repo", "{FA7ECFE2-20FE-4836-BCB0-FB9972837105}"
EndProject
Project("{9A19103F-16F7-4668-BE54-9A1E7A4F7556}") = "fh-family-experience-repo-redis", "src\fh-family-experience-repo\fh-family-experience-repo-redis\fh-family-experience-repo-redis.csproj", "{C8C6EB21-23BE-4B69-B075-813469FA98F7}"
EndProject
Global
	GlobalSection(SolutionConfigurationPlatforms) = preSolution
		Debug|Any CPU = Debug|Any CPU
		Release|Any CPU = Release|Any CPU
	EndGlobalSection
	GlobalSection(ProjectConfigurationPlatforms) = postSolution
		{8CC21E25-B8E2-4C5E-85CF-3D9D58C43C1A}.Debug|Any CPU.ActiveCfg = Debug|Any CPU
		{8CC21E25-B8E2-4C5E-85CF-3D9D58C43C1A}.Debug|Any CPU.Build.0 = Debug|Any CPU
		{8CC21E25-B8E2-4C5E-85CF-3D9D58C43C1A}.Release|Any CPU.ActiveCfg = Release|Any CPU
		{8CC21E25-B8E2-4C5E-85CF-3D9D58C43C1A}.Release|Any CPU.Build.0 = Release|Any CPU
		{C8C6EB21-23BE-4B69-B075-813469FA98F7}.Debug|Any CPU.ActiveCfg = Debug|Any CPU
		{C8C6EB21-23BE-4B69-B075-813469FA98F7}.Debug|Any CPU.Build.0 = Debug|Any CPU
		{C8C6EB21-23BE-4B69-B075-813469FA98F7}.Release|Any CPU.ActiveCfg = Release|Any CPU
		{C8C6EB21-23BE-4B69-B075-813469FA98F7}.Release|Any CPU.Build.0 = Release|Any CPU
	EndGlobalSection
	GlobalSection(SolutionProperties) = preSolution
		HideSolutionNode = FALSE
	EndGlobalSection
	GlobalSection(NestedProjects) = preSolution
		{8CC21E25-B8E2-4C5E-85CF-3D9D58C43C1A} = {E56804E1-042E-4219-96E2-1B4CFB3EA541}
		{C8C6EB21-23BE-4B69-B075-813469FA98F7} = {FA7ECFE2-20FE-4836-BCB0-FB9972837105}
	EndGlobalSection
	GlobalSection(ExtensibilityGlobals) = postSolution
		SolutionGuid = {96554C71-E283-487B-8EC8-2A6F677DDE86}
	EndGlobalSection
EndGlobal
